
Microsoft Visual Studio Solution File, Format Version 12.00
# Visual Studio Version 17
VisualStudioVersion = 17.14.36408.4 d17.14
MinimumVisualStudioVersion = 10.0.40219.1
Project("{FAE04EC0-301F-11D3-BF4B-00C04F79EFBC}") = "SmoothedStoneIsWorthless", "SmoothedStoneIsWorthless\SmoothedStoneIsWorthless.csproj", "{BAF55647-E235-48E7-BE34-DA7D5900C766}"
EndProject
Global
	GlobalSection(SolutionConfigurationPlatforms) = preSolution
		Debug|Any CPU = Debug|Any CPU
		Release|Any CPU = Release|Any CPU
	EndGlobalSection
	GlobalSection(ProjectConfigurationPlatforms) = postSolution
		{BAF55647-E235-48E7-BE34-DA7D5900C766}.Debug|Any CPU.ActiveCfg = Debug|Any CPU
		{BAF55647-E235-48E7-BE34-DA7D5900C766}.Debug|Any CPU.Build.0 = Debug|Any CPU
		{BAF55647-E235-48E7-BE34-DA7D5900C766}.Release|Any CPU.ActiveCfg = Release|Any CPU
		{BAF55647-E235-48E7-BE34-DA7D5900C766}.Release|Any CPU.Build.0 = Release|Any CPU
	EndGlobalSection
	GlobalSection(SolutionProperties) = preSolution
		HideSolutionNode = FALSE
	EndGlobalSection
	GlobalSection(ExtensibilityGlobals) = postSolution
		SolutionGuid = {CCF174ED-5801-456A-9549-57C9CCB99F62}
	EndGlobalSection
EndGlobal
